{
  "name": "KeyClub_WebApp",
  "lockfileVersion": 3,
  "requires": true,
  "packages": {
    "": {
      "dependencies": {
        "bad-words": "^4.1.0"
      }
    },
    "node_modules/bad-words": {
      "version": "4.1.0",
      "resolved": "https://registry.npmjs.org/bad-words/-/bad-words-4.1.0.tgz",
      "integrity": "sha512-RTcjQBF1dicHQtn370GfaJlwRmbZycyxM7QbV4XgsHCJ2v5XjRTEx146vqfVforysvFRImsZDQvZhv/xxd9znQ==",
      "license": "MIT",
      "dependencies": {
        "badwords-list": "^2.0.1-4"
      },
      "engines": {
        "node": ">=8.0.0"
      }
    },
    "node_modules/badwords-list": {
      "version": "2.0.1-4",
      "resolved": "https://registry.npmjs.org/badwords-list/-/badwords-list-2.0.1-4.tgz",
      "integrity": "sha512-FxfZUp7B9yCnesNtFQS9v6PvZdxTYa14Q60JR6vhjdQdWI4naTjJIyx22JzoER8ooeT8SAAKoHLjKfCV7XgYUQ==",
      "license": "MIT"
    }
  }
}
